
Microsoft Visual Studio Solution File, Format Version 12.00
# Visual Studio Version 17
VisualStudioVersion = 17.5.002.0
MinimumVisualStudioVersion = 10.0.40219.1
Project("{2150E333-8FDC-42A3-9474-1A3956D46DE8}") = "LinguagemWeb", "LinguagemWeb", "{0649DBC0-0D57-4880-97EC-78999A58EEEA}"
EndProject
Project("{9A19103F-16F7-4668-BE54-9A1E7A4F7556}") = "teste1", "LinguagemWeb\teste1\teste1.csproj", "{126D84EC-7A23-40FF-9209-0BFD62BEF96C}"
EndProject
Project("{2150E333-8FDC-42A3-9474-1A3956D46DE8}") = "Poo", "Poo", "{283AE984-2259-49D6-B0DD-A54ED95011E8}"
EndProject
Project("{9A19103F-16F7-4668-BE54-9A1E7A4F7556}") = "CalculoMedia", "Poo\CalculoMedia\CalculoMedia.csproj", "{F5FAAA18-63E6-4351-B259-02DA3E7EF3A0}"
EndProject
Project("{2150E333-8FDC-42A3-9474-1A3956D46DE8}") = "webstander", "webstander", "{37B09673-7092-4632-BC49-4317EDDF3EDB}"
EndProject
Project("{9A19103F-16F7-4668-BE54-9A1E7A4F7556}") = "aula1", "webstander\aula1_2\aula1.csproj", "{1575FA72-EF87-430E-A6EA-2F72E3811959}"
EndProject
Project("{2150E333-8FDC-42A3-9474-1A3956D46DE8}") = "vr", "vr", "{735DFF8F-C808-4DDF-82C0-890550FA90DF}"
EndProject
Project("{9A19103F-16F7-4668-BE54-9A1E7A4F7556}") = "teste", "vr\teste\teste.csproj", "{07D062E1-BD09-40C0-A61B-530940A0641F}"
EndProject
Project("{2150E333-8FDC-42A3-9474-1A3956D46DE8}") = "aula01", "aula01", "{1EECA22E-301A-4EFF-B01D-C3509DB54062}"
EndProject
Project("{9A19103F-16F7-4668-BE54-9A1E7A4F7556}") = "animal", "Poo\aula01\animal\animal.csproj", "{11E932E5-72A1-420D-9AB0-AA9684984AC2}"
EndProject
Project("{9A19103F-16F7-4668-BE54-9A1E7A4F7556}") = "cc", "Poo\aula01\conta_corrente\cc.csproj", "{A06B9CFE-9EAC-464B-A461-1D0E03739A8A}"
EndProject
Project("{9A19103F-16F7-4668-BE54-9A1E7A4F7556}") = "imovel", "Poo\aula01\imovel\imovel.csproj", "{D1D77BD6-1E46-4F98-8232-209C4AF61387}"
EndProject
Project("{9A19103F-16F7-4668-BE54-9A1E7A4F7556}") = "cclim", "Poo\aula01\cclimite\cclim.csproj", "{BB44FC55-E85E-4A32-8885-C04393C6F360}"
EndProject
Project("{2150E333-8FDC-42A3-9474-1A3956D46DE8}") = "exercicios", "exercicios", "{FB5B9F30-115D-430B-A490-DE10ACD2B55A}"
EndProject
Project("{9A19103F-16F7-4668-BE54-9A1E7A4F7556}") = "animais", "Poo\exercicios\animais\animais.csproj", "{D8017DA1-48DB-446F-9FDA-1F97CF5F4B22}"
EndProject
Project("{2150E333-8FDC-42A3-9474-1A3956D46DE8}") = "c#", "c#", "{6D76BF36-2464-4761-A832-0612826CDE0D}"
EndProject
Project("{2150E333-8FDC-42A3-9474-1A3956D46DE8}") = "vr", "vr", "{83961D88-17C6-43E6-A65F-A48560C8E766}"
EndProject
Project("{9A19103F-16F7-4668-BE54-9A1E7A4F7556}") = "numeros_ate_1000", "vr\c#\vr\numeros_ate_1000\numeros_ate_1000.csproj", "{9796D36A-36FB-41F1-8756-E2EB5AB0F0EB}"
EndProject
Project("{9A19103F-16F7-4668-BE54-9A1E7A4F7556}") = "sequncia", "vr\c#\vr\sequencia\sequncia.csproj", "{1F956949-60BF-4034-ABA9-973F94DF8E7F}"
EndProject
Project("{9A19103F-16F7-4668-BE54-9A1E7A4F7556}") = "paresSequenciaCinco", "vr\c#\vr\paresSequenciaCinco\paresSequenciaCinco.csproj", "{27E26288-2069-43CD-AE80-E2609540250C}"
EndProject
Project("{9A19103F-16F7-4668-BE54-9A1E7A4F7556}") = "soma", "vr\c#\vr\soma\soma.csproj", "{16234030-9A74-4D67-A280-FB45DFCC9C2B}"
EndProject
Project("{9A19103F-16F7-4668-BE54-9A1E7A4F7556}") = "contarPares", "vr\c#\vr\contarPares\contarPares.csproj", "{7CF78CAF-7162-47C0-97BD-C2179034227E}"
EndProject
Project("{9A19103F-16F7-4668-BE54-9A1E7A4F7556}") = "primosEpar", "vr\c#\vr\primosEpar\primosEpar.csproj", "{419085BB-B42F-4597-8CE3-1064C7E07184}"
EndProject
Project("{9A19103F-16F7-4668-BE54-9A1E7A4F7556}") = "boi", "vr\c#\vr\boi\boi.csproj", "{4F958830-11D1-4AF4-B111-1B5A687D4863}"
EndProject
Project("{9A19103F-16F7-4668-BE54-9A1E7A4F7556}") = "tempMedia", "vr\c#\vr\tempMedia\tempMedia.csproj", "{7AD60DED-D3D3-45E1-A888-30A32882107C}"
EndProject
Project("{9A19103F-16F7-4668-BE54-9A1E7A4F7556}") = "fibonacci", "vr\c#\vr\fibonacci\fibonacci.csproj", "{2BA56C3D-4631-465F-A1AD-30BA2E250B1B}"
EndProject
Project("{9A19103F-16F7-4668-BE54-9A1E7A4F7556}") = "somaPares0a500", "vr\c#\vr\somaPares0a500\somaPares0a500.csproj", "{3FC5EE9A-4EA5-4E51-B6C3-D99C91E1B311}"
EndProject
Project("{9A19103F-16F7-4668-BE54-9A1E7A4F7556}") = "soma100", "vr\c#\vr\soma100\soma100.csproj", "{9F06DDBC-D75F-4463-AB8F-8E33D9BEA4FD}"
EndProject
Project("{9A19103F-16F7-4668-BE54-9A1E7A4F7556}") = "convTemp", "vr\c#\vr\convTemp\convTemp.csproj", "{E006C485-095B-405A-84CF-1B6E1FF35725}"
EndProject
Project("{9A19103F-16F7-4668-BE54-9A1E7A4F7556}") = "fatorial", "vr\c#\vr\fatorial\fatorial.csproj", "{D9B55BD0-FB95-4498-9608-79A48CFCBE35}"
EndProject
Global
	GlobalSection(SolutionConfigurationPlatforms) = preSolution
		Debug|Any CPU = Debug|Any CPU
		Release|Any CPU = Release|Any CPU
	EndGlobalSection
	GlobalSection(ProjectConfigurationPlatforms) = postSolution
		{126D84EC-7A23-40FF-9209-0BFD62BEF96C}.Debug|Any CPU.ActiveCfg = Debug|Any CPU
		{126D84EC-7A23-40FF-9209-0BFD62BEF96C}.Debug|Any CPU.Build.0 = Debug|Any CPU
		{126D84EC-7A23-40FF-9209-0BFD62BEF96C}.Release|Any CPU.ActiveCfg = Release|Any CPU
		{126D84EC-7A23-40FF-9209-0BFD62BEF96C}.Release|Any CPU.Build.0 = Release|Any CPU
		{F5FAAA18-63E6-4351-B259-02DA3E7EF3A0}.Debug|Any CPU.ActiveCfg = Debug|Any CPU
		{F5FAAA18-63E6-4351-B259-02DA3E7EF3A0}.Debug|Any CPU.Build.0 = Debug|Any CPU
		{F5FAAA18-63E6-4351-B259-02DA3E7EF3A0}.Release|Any CPU.ActiveCfg = Release|Any CPU
		{F5FAAA18-63E6-4351-B259-02DA3E7EF3A0}.Release|Any CPU.Build.0 = Release|Any CPU
		{1575FA72-EF87-430E-A6EA-2F72E3811959}.Debug|Any CPU.ActiveCfg = Debug|Any CPU
		{1575FA72-EF87-430E-A6EA-2F72E3811959}.Debug|Any CPU.Build.0 = Debug|Any CPU
		{1575FA72-EF87-430E-A6EA-2F72E3811959}.Release|Any CPU.ActiveCfg = Release|Any CPU
		{1575FA72-EF87-430E-A6EA-2F72E3811959}.Release|Any CPU.Build.0 = Release|Any CPU
		{07D062E1-BD09-40C0-A61B-530940A0641F}.Debug|Any CPU.ActiveCfg = Debug|Any CPU
		{07D062E1-BD09-40C0-A61B-530940A0641F}.Debug|Any CPU.Build.0 = Debug|Any CPU
		{07D062E1-BD09-40C0-A61B-530940A0641F}.Release|Any CPU.ActiveCfg = Release|Any CPU
		{07D062E1-BD09-40C0-A61B-530940A0641F}.Release|Any CPU.Build.0 = Release|Any CPU
		{11E932E5-72A1-420D-9AB0-AA9684984AC2}.Debug|Any CPU.ActiveCfg = Debug|Any CPU
		{11E932E5-72A1-420D-9AB0-AA9684984AC2}.Debug|Any CPU.Build.0 = Debug|Any CPU
		{11E932E5-72A1-420D-9AB0-AA9684984AC2}.Release|Any CPU.ActiveCfg = Release|Any CPU
		{11E932E5-72A1-420D-9AB0-AA9684984AC2}.Release|Any CPU.Build.0 = Release|Any CPU
		{A06B9CFE-9EAC-464B-A461-1D0E03739A8A}.Debug|Any CPU.ActiveCfg = Debug|Any CPU
		{A06B9CFE-9EAC-464B-A461-1D0E03739A8A}.Debug|Any CPU.Build.0 = Debug|Any CPU
		{A06B9CFE-9EAC-464B-A461-1D0E03739A8A}.Release|Any CPU.ActiveCfg = Release|Any CPU
		{A06B9CFE-9EAC-464B-A461-1D0E03739A8A}.Release|Any CPU.Build.0 = Release|Any CPU
		{D1D77BD6-1E46-4F98-8232-209C4AF61387}.Debug|Any CPU.ActiveCfg = Debug|Any CPU
		{D1D77BD6-1E46-4F98-8232-209C4AF61387}.Debug|Any CPU.Build.0 = Debug|Any CPU
		{D1D77BD6-1E46-4F98-8232-209C4AF61387}.Release|Any CPU.ActiveCfg = Release|Any CPU
		{D1D77BD6-1E46-4F98-8232-209C4AF61387}.Release|Any CPU.Build.0 = Release|Any CPU
		{BB44FC55-E85E-4A32-8885-C04393C6F360}.Debug|Any CPU.ActiveCfg = Debug|Any CPU
		{BB44FC55-E85E-4A32-8885-C04393C6F360}.Debug|Any CPU.Build.0 = Debug|Any CPU
		{BB44FC55-E85E-4A32-8885-C04393C6F360}.Release|Any CPU.ActiveCfg = Release|Any CPU
		{BB44FC55-E85E-4A32-8885-C04393C6F360}.Release|Any CPU.Build.0 = Release|Any CPU
		{D8017DA1-48DB-446F-9FDA-1F97CF5F4B22}.Debug|Any CPU.ActiveCfg = Debug|Any CPU
		{D8017DA1-48DB-446F-9FDA-1F97CF5F4B22}.Debug|Any CPU.Build.0 = Debug|Any CPU
		{D8017DA1-48DB-446F-9FDA-1F97CF5F4B22}.Release|Any CPU.ActiveCfg = Release|Any CPU
		{D8017DA1-48DB-446F-9FDA-1F97CF5F4B22}.Release|Any CPU.Build.0 = Release|Any CPU
		{9796D36A-36FB-41F1-8756-E2EB5AB0F0EB}.Debug|Any CPU.ActiveCfg = Debug|Any CPU
		{9796D36A-36FB-41F1-8756-E2EB5AB0F0EB}.Debug|Any CPU.Build.0 = Debug|Any CPU
		{9796D36A-36FB-41F1-8756-E2EB5AB0F0EB}.Release|Any CPU.ActiveCfg = Release|Any CPU
		{9796D36A-36FB-41F1-8756-E2EB5AB0F0EB}.Release|Any CPU.Build.0 = Release|Any CPU
		{1F956949-60BF-4034-ABA9-973F94DF8E7F}.Debug|Any CPU.ActiveCfg = Debug|Any CPU
		{1F956949-60BF-4034-ABA9-973F94DF8E7F}.Debug|Any CPU.Build.0 = Debug|Any CPU
		{1F956949-60BF-4034-ABA9-973F94DF8E7F}.Release|Any CPU.ActiveCfg = Release|Any CPU
		{1F956949-60BF-4034-ABA9-973F94DF8E7F}.Release|Any CPU.Build.0 = Release|Any CPU
		{27E26288-2069-43CD-AE80-E2609540250C}.Debug|Any CPU.ActiveCfg = Debug|Any CPU
		{27E26288-2069-43CD-AE80-E2609540250C}.Debug|Any CPU.Build.0 = Debug|Any CPU
		{27E26288-2069-43CD-AE80-E2609540250C}.Release|Any CPU.ActiveCfg = Release|Any CPU
		{27E26288-2069-43CD-AE80-E2609540250C}.Release|Any CPU.Build.0 = Release|Any CPU
		{16234030-9A74-4D67-A280-FB45DFCC9C2B}.Debug|Any CPU.ActiveCfg = Debug|Any CPU
		{16234030-9A74-4D67-A280-FB45DFCC9C2B}.Debug|Any CPU.Build.0 = Debug|Any CPU
		{16234030-9A74-4D67-A280-FB45DFCC9C2B}.Release|Any CPU.ActiveCfg = Release|Any CPU
		{16234030-9A74-4D67-A280-FB45DFCC9C2B}.Release|Any CPU.Build.0 = Release|Any CPU
		{7CF78CAF-7162-47C0-97BD-C2179034227E}.Debug|Any CPU.ActiveCfg = Debug|Any CPU
		{7CF78CAF-7162-47C0-97BD-C2179034227E}.Debug|Any CPU.Build.0 = Debug|Any CPU
		{7CF78CAF-7162-47C0-97BD-C2179034227E}.Release|Any CPU.ActiveCfg = Release|Any CPU
		{7CF78CAF-7162-47C0-97BD-C2179034227E}.Release|Any CPU.Build.0 = Release|Any CPU
		{419085BB-B42F-4597-8CE3-1064C7E07184}.Debug|Any CPU.ActiveCfg = Debug|Any CPU
		{419085BB-B42F-4597-8CE3-1064C7E07184}.Debug|Any CPU.Build.0 = Debug|Any CPU
		{419085BB-B42F-4597-8CE3-1064C7E07184}.Release|Any CPU.ActiveCfg = Release|Any CPU
		{419085BB-B42F-4597-8CE3-1064C7E07184}.Release|Any CPU.Build.0 = Release|Any CPU
		{4F958830-11D1-4AF4-B111-1B5A687D4863}.Debug|Any CPU.ActiveCfg = Debug|Any CPU
		{4F958830-11D1-4AF4-B111-1B5A687D4863}.Debug|Any CPU.Build.0 = Debug|Any CPU
		{4F958830-11D1-4AF4-B111-1B5A687D4863}.Release|Any CPU.ActiveCfg = Release|Any CPU
		{4F958830-11D1-4AF4-B111-1B5A687D4863}.Release|Any CPU.Build.0 = Release|Any CPU
		{7AD60DED-D3D3-45E1-A888-30A32882107C}.Debug|Any CPU.ActiveCfg = Debug|Any CPU
		{7AD60DED-D3D3-45E1-A888-30A32882107C}.Debug|Any CPU.Build.0 = Debug|Any CPU
		{7AD60DED-D3D3-45E1-A888-30A32882107C}.Release|Any CPU.ActiveCfg = Release|Any CPU
		{7AD60DED-D3D3-45E1-A888-30A32882107C}.Release|Any CPU.Build.0 = Release|Any CPU
		{2BA56C3D-4631-465F-A1AD-30BA2E250B1B}.Debug|Any CPU.ActiveCfg = Debug|Any CPU
		{2BA56C3D-4631-465F-A1AD-30BA2E250B1B}.Debug|Any CPU.Build.0 = Debug|Any CPU
		{2BA56C3D-4631-465F-A1AD-30BA2E250B1B}.Release|Any CPU.ActiveCfg = Release|Any CPU
		{2BA56C3D-4631-465F-A1AD-30BA2E250B1B}.Release|Any CPU.Build.0 = Release|Any CPU
		{3FC5EE9A-4EA5-4E51-B6C3-D99C91E1B311}.Debug|Any CPU.ActiveCfg = Debug|Any CPU
		{3FC5EE9A-4EA5-4E51-B6C3-D99C91E1B311}.Debug|Any CPU.Build.0 = Debug|Any CPU
		{3FC5EE9A-4EA5-4E51-B6C3-D99C91E1B311}.Release|Any CPU.ActiveCfg = Release|Any CPU
		{3FC5EE9A-4EA5-4E51-B6C3-D99C91E1B311}.Release|Any CPU.Build.0 = Release|Any CPU
		{9F06DDBC-D75F-4463-AB8F-8E33D9BEA4FD}.Debug|Any CPU.ActiveCfg = Debug|Any CPU
		{9F06DDBC-D75F-4463-AB8F-8E33D9BEA4FD}.Debug|Any CPU.Build.0 = Debug|Any CPU
		{9F06DDBC-D75F-4463-AB8F-8E33D9BEA4FD}.Release|Any CPU.ActiveCfg = Release|Any CPU
		{9F06DDBC-D75F-4463-AB8F-8E33D9BEA4FD}.Release|Any CPU.Build.0 = Release|Any CPU
		{E006C485-095B-405A-84CF-1B6E1FF35725}.Debug|Any CPU.ActiveCfg = Debug|Any CPU
		{E006C485-095B-405A-84CF-1B6E1FF35725}.Debug|Any CPU.Build.0 = Debug|Any CPU
		{E006C485-095B-405A-84CF-1B6E1FF35725}.Release|Any CPU.ActiveCfg = Release|Any CPU
		{E006C485-095B-405A-84CF-1B6E1FF35725}.Release|Any CPU.Build.0 = Release|Any CPU
		{D9B55BD0-FB95-4498-9608-79A48CFCBE35}.Debug|Any CPU.ActiveCfg = Debug|Any CPU
		{D9B55BD0-FB95-4498-9608-79A48CFCBE35}.Debug|Any CPU.Build.0 = Debug|Any CPU
		{D9B55BD0-FB95-4498-9608-79A48CFCBE35}.Release|Any CPU.ActiveCfg = Release|Any CPU
		{D9B55BD0-FB95-4498-9608-79A48CFCBE35}.Release|Any CPU.Build.0 = Release|Any CPU
	EndGlobalSection
	GlobalSection(SolutionProperties) = preSolution
		HideSolutionNode = FALSE
	EndGlobalSection
	GlobalSection(NestedProjects) = preSolution
		{126D84EC-7A23-40FF-9209-0BFD62BEF96C} = {0649DBC0-0D57-4880-97EC-78999A58EEEA}
		{F5FAAA18-63E6-4351-B259-02DA3E7EF3A0} = {283AE984-2259-49D6-B0DD-A54ED95011E8}
		{1575FA72-EF87-430E-A6EA-2F72E3811959} = {37B09673-7092-4632-BC49-4317EDDF3EDB}
		{07D062E1-BD09-40C0-A61B-530940A0641F} = {735DFF8F-C808-4DDF-82C0-890550FA90DF}
		{1EECA22E-301A-4EFF-B01D-C3509DB54062} = {283AE984-2259-49D6-B0DD-A54ED95011E8}
		{11E932E5-72A1-420D-9AB0-AA9684984AC2} = {1EECA22E-301A-4EFF-B01D-C3509DB54062}
		{A06B9CFE-9EAC-464B-A461-1D0E03739A8A} = {1EECA22E-301A-4EFF-B01D-C3509DB54062}
		{D1D77BD6-1E46-4F98-8232-209C4AF61387} = {1EECA22E-301A-4EFF-B01D-C3509DB54062}
		{BB44FC55-E85E-4A32-8885-C04393C6F360} = {1EECA22E-301A-4EFF-B01D-C3509DB54062}
		{FB5B9F30-115D-430B-A490-DE10ACD2B55A} = {283AE984-2259-49D6-B0DD-A54ED95011E8}
		{D8017DA1-48DB-446F-9FDA-1F97CF5F4B22} = {FB5B9F30-115D-430B-A490-DE10ACD2B55A}
		{6D76BF36-2464-4761-A832-0612826CDE0D} = {735DFF8F-C808-4DDF-82C0-890550FA90DF}
		{83961D88-17C6-43E6-A65F-A48560C8E766} = {6D76BF36-2464-4761-A832-0612826CDE0D}
		{9796D36A-36FB-41F1-8756-E2EB5AB0F0EB} = {83961D88-17C6-43E6-A65F-A48560C8E766}
		{1F956949-60BF-4034-ABA9-973F94DF8E7F} = {83961D88-17C6-43E6-A65F-A48560C8E766}
		{27E26288-2069-43CD-AE80-E2609540250C} = {83961D88-17C6-43E6-A65F-A48560C8E766}
		{16234030-9A74-4D67-A280-FB45DFCC9C2B} = {83961D88-17C6-43E6-A65F-A48560C8E766}
		{7CF78CAF-7162-47C0-97BD-C2179034227E} = {83961D88-17C6-43E6-A65F-A48560C8E766}
		{419085BB-B42F-4597-8CE3-1064C7E07184} = {83961D88-17C6-43E6-A65F-A48560C8E766}
		{4F958830-11D1-4AF4-B111-1B5A687D4863} = {83961D88-17C6-43E6-A65F-A48560C8E766}
		{7AD60DED-D3D3-45E1-A888-30A32882107C} = {83961D88-17C6-43E6-A65F-A48560C8E766}
		{2BA56C3D-4631-465F-A1AD-30BA2E250B1B} = {83961D88-17C6-43E6-A65F-A48560C8E766}
		{3FC5EE9A-4EA5-4E51-B6C3-D99C91E1B311} = {83961D88-17C6-43E6-A65F-A48560C8E766}
		{9F06DDBC-D75F-4463-AB8F-8E33D9BEA4FD} = {83961D88-17C6-43E6-A65F-A48560C8E766}
		{E006C485-095B-405A-84CF-1B6E1FF35725} = {83961D88-17C6-43E6-A65F-A48560C8E766}
		{D9B55BD0-FB95-4498-9608-79A48CFCBE35} = {83961D88-17C6-43E6-A65F-A48560C8E766}
	EndGlobalSection
	GlobalSection(ExtensibilityGlobals) = postSolution
		SolutionGuid = {EB9C56E7-5381-4308-9660-50570C457D5C}
	EndGlobalSection
EndGlobal
