
Microsoft Visual Studio Solution File, Format Version 12.00
# Visual Studio Version 17
VisualStudioVersion = 17.5.002.0
MinimumVisualStudioVersion = 10.0.40219.1
Project("{9A19103F-16F7-4668-BE54-9A1E7A4F7556}") = "teste", "teste\teste.csproj", "{3260ACD4-B43F-4789-8E41-B0EB9FE3D090}"
EndProject
Project("{2150E333-8FDC-42A3-9474-1A3956D46DE8}") = "visualg", "visualg", "{687D84B3-F8B7-49F5-A2CD-A74C037C62D4}"
EndProject
Project("{2150E333-8FDC-42A3-9474-1A3956D46DE8}") = "exerc_14", "exerc_14", "{81A40286-7D09-4EE0-A3D5-AAA15667DD24}"
EndProject
Project("{9A19103F-16F7-4668-BE54-9A1E7A4F7556}") = "matriz.alg", "visualg\exerc_14\matriz.alg\matriz.alg.csproj", "{0FD36F4B-90DC-44FB-9469-841A4AE0D979}"
EndProject
Project("{2150E333-8FDC-42A3-9474-1A3956D46DE8}") = "c#", "c#", "{94CC5E7A-ED1F-4BD3-9D07-FE568AF9AEDC}"
EndProject
Project("{2150E333-8FDC-42A3-9474-1A3956D46DE8}") = "vr", "vr", "{9B5DCC0E-73A2-4131-B2E3-A90D3D4586A9}"
EndProject
Project("{9A19103F-16F7-4668-BE54-9A1E7A4F7556}") = "numeros_ate_1000", "c#\vr\numeros_ate_1000\numeros_ate_1000.csproj", "{8A5904F7-2AB4-47F2-BF88-DEC94B970C35}"
EndProject
Project("{9A19103F-16F7-4668-BE54-9A1E7A4F7556}") = "sequncia", "c#\vr\sequencia\sequncia.csproj", "{9E0E70FF-E5F0-4D5C-8A7C-95BA178693A9}"
EndProject
Project("{9A19103F-16F7-4668-BE54-9A1E7A4F7556}") = "paresSequenciaCinco", "c#\vr\paresSequenciaCinco\paresSequenciaCinco.csproj", "{92846085-0A61-4963-939C-ECBF520289D5}"
EndProject
Project("{9A19103F-16F7-4668-BE54-9A1E7A4F7556}") = "soma", "c#\vr\soma\soma.csproj", "{4E833711-8FFD-4F3B-9D8F-63B76031C8C0}"
EndProject
Project("{9A19103F-16F7-4668-BE54-9A1E7A4F7556}") = "contarPares", "c#\vr\contarPares\contarPares.csproj", "{9D79E264-F112-4FA1-995D-57F644D785B8}"
EndProject
Project("{9A19103F-16F7-4668-BE54-9A1E7A4F7556}") = "primosEpar", "c#\vr\primosEpar\primosEpar.csproj", "{FCE1A615-D36B-42F6-AECE-F29340C374C3}"
EndProject
Project("{9A19103F-16F7-4668-BE54-9A1E7A4F7556}") = "boi", "c#\vr\boi\boi.csproj", "{11216BFC-533E-4810-9408-79E9C6F3E2A2}"
EndProject
Project("{9A19103F-16F7-4668-BE54-9A1E7A4F7556}") = "tempMedia", "c#\vr\tempMedia\tempMedia.csproj", "{CBF8A864-B4DC-45D0-9FC6-AF694AC9DC78}"
EndProject
Project("{9A19103F-16F7-4668-BE54-9A1E7A4F7556}") = "fibonacci", "c#\vr\fibonacci\fibonacci.csproj", "{491A41DC-CEE5-4986-AEC4-D1C92C907109}"
EndProject
Project("{9A19103F-16F7-4668-BE54-9A1E7A4F7556}") = "somaPares0a500", "c#\vr\somaPares0a500\somaPares0a500.csproj", "{1B143B64-DA4A-421C-A567-AB17D4313050}"
EndProject
Project("{9A19103F-16F7-4668-BE54-9A1E7A4F7556}") = "soma100", "c#\vr\soma100\soma100.csproj", "{D43CEF9D-726B-42BF-88E5-C43FB906AFA2}"
EndProject
Project("{9A19103F-16F7-4668-BE54-9A1E7A4F7556}") = "convTemp", "c#\vr\convTemp\convTemp.csproj", "{F942B482-BB03-4C18-AA7B-4486DA330786}"
EndProject
Project("{9A19103F-16F7-4668-BE54-9A1E7A4F7556}") = "fatorial", "c#\vr\fatorial\fatorial.csproj", "{77155BBC-3589-402C-8986-ED078E296456}"
EndProject
Global
	GlobalSection(SolutionConfigurationPlatforms) = preSolution
		Debug|Any CPU = Debug|Any CPU
		Release|Any CPU = Release|Any CPU
	EndGlobalSection
	GlobalSection(ProjectConfigurationPlatforms) = postSolution
		{3260ACD4-B43F-4789-8E41-B0EB9FE3D090}.Debug|Any CPU.ActiveCfg = Debug|Any CPU
		{3260ACD4-B43F-4789-8E41-B0EB9FE3D090}.Debug|Any CPU.Build.0 = Debug|Any CPU
		{3260ACD4-B43F-4789-8E41-B0EB9FE3D090}.Release|Any CPU.ActiveCfg = Release|Any CPU
		{3260ACD4-B43F-4789-8E41-B0EB9FE3D090}.Release|Any CPU.Build.0 = Release|Any CPU
		{0FD36F4B-90DC-44FB-9469-841A4AE0D979}.Debug|Any CPU.ActiveCfg = Debug|Any CPU
		{0FD36F4B-90DC-44FB-9469-841A4AE0D979}.Debug|Any CPU.Build.0 = Debug|Any CPU
		{0FD36F4B-90DC-44FB-9469-841A4AE0D979}.Release|Any CPU.ActiveCfg = Release|Any CPU
		{0FD36F4B-90DC-44FB-9469-841A4AE0D979}.Release|Any CPU.Build.0 = Release|Any CPU
		{8A5904F7-2AB4-47F2-BF88-DEC94B970C35}.Debug|Any CPU.ActiveCfg = Debug|Any CPU
		{8A5904F7-2AB4-47F2-BF88-DEC94B970C35}.Debug|Any CPU.Build.0 = Debug|Any CPU
		{8A5904F7-2AB4-47F2-BF88-DEC94B970C35}.Release|Any CPU.ActiveCfg = Release|Any CPU
		{8A5904F7-2AB4-47F2-BF88-DEC94B970C35}.Release|Any CPU.Build.0 = Release|Any CPU
		{9E0E70FF-E5F0-4D5C-8A7C-95BA178693A9}.Debug|Any CPU.ActiveCfg = Debug|Any CPU
		{9E0E70FF-E5F0-4D5C-8A7C-95BA178693A9}.Debug|Any CPU.Build.0 = Debug|Any CPU
		{9E0E70FF-E5F0-4D5C-8A7C-95BA178693A9}.Release|Any CPU.ActiveCfg = Release|Any CPU
		{9E0E70FF-E5F0-4D5C-8A7C-95BA178693A9}.Release|Any CPU.Build.0 = Release|Any CPU
		{92846085-0A61-4963-939C-ECBF520289D5}.Debug|Any CPU.ActiveCfg = Debug|Any CPU
		{92846085-0A61-4963-939C-ECBF520289D5}.Debug|Any CPU.Build.0 = Debug|Any CPU
		{92846085-0A61-4963-939C-ECBF520289D5}.Release|Any CPU.ActiveCfg = Release|Any CPU
		{92846085-0A61-4963-939C-ECBF520289D5}.Release|Any CPU.Build.0 = Release|Any CPU
		{4E833711-8FFD-4F3B-9D8F-63B76031C8C0}.Debug|Any CPU.ActiveCfg = Debug|Any CPU
		{4E833711-8FFD-4F3B-9D8F-63B76031C8C0}.Debug|Any CPU.Build.0 = Debug|Any CPU
		{4E833711-8FFD-4F3B-9D8F-63B76031C8C0}.Release|Any CPU.ActiveCfg = Release|Any CPU
		{4E833711-8FFD-4F3B-9D8F-63B76031C8C0}.Release|Any CPU.Build.0 = Release|Any CPU
		{9D79E264-F112-4FA1-995D-57F644D785B8}.Debug|Any CPU.ActiveCfg = Debug|Any CPU
		{9D79E264-F112-4FA1-995D-57F644D785B8}.Debug|Any CPU.Build.0 = Debug|Any CPU
		{9D79E264-F112-4FA1-995D-57F644D785B8}.Release|Any CPU.ActiveCfg = Release|Any CPU
		{9D79E264-F112-4FA1-995D-57F644D785B8}.Release|Any CPU.Build.0 = Release|Any CPU
		{FCE1A615-D36B-42F6-AECE-F29340C374C3}.Debug|Any CPU.ActiveCfg = Debug|Any CPU
		{FCE1A615-D36B-42F6-AECE-F29340C374C3}.Debug|Any CPU.Build.0 = Debug|Any CPU
		{FCE1A615-D36B-42F6-AECE-F29340C374C3}.Release|Any CPU.ActiveCfg = Release|Any CPU
		{FCE1A615-D36B-42F6-AECE-F29340C374C3}.Release|Any CPU.Build.0 = Release|Any CPU
		{11216BFC-533E-4810-9408-79E9C6F3E2A2}.Debug|Any CPU.ActiveCfg = Debug|Any CPU
		{11216BFC-533E-4810-9408-79E9C6F3E2A2}.Debug|Any CPU.Build.0 = Debug|Any CPU
		{11216BFC-533E-4810-9408-79E9C6F3E2A2}.Release|Any CPU.ActiveCfg = Release|Any CPU
		{11216BFC-533E-4810-9408-79E9C6F3E2A2}.Release|Any CPU.Build.0 = Release|Any CPU
		{CBF8A864-B4DC-45D0-9FC6-AF694AC9DC78}.Debug|Any CPU.ActiveCfg = Debug|Any CPU
		{CBF8A864-B4DC-45D0-9FC6-AF694AC9DC78}.Debug|Any CPU.Build.0 = Debug|Any CPU
		{CBF8A864-B4DC-45D0-9FC6-AF694AC9DC78}.Release|Any CPU.ActiveCfg = Release|Any CPU
		{CBF8A864-B4DC-45D0-9FC6-AF694AC9DC78}.Release|Any CPU.Build.0 = Release|Any CPU
		{491A41DC-CEE5-4986-AEC4-D1C92C907109}.Debug|Any CPU.ActiveCfg = Debug|Any CPU
		{491A41DC-CEE5-4986-AEC4-D1C92C907109}.Debug|Any CPU.Build.0 = Debug|Any CPU
		{491A41DC-CEE5-4986-AEC4-D1C92C907109}.Release|Any CPU.ActiveCfg = Release|Any CPU
		{491A41DC-CEE5-4986-AEC4-D1C92C907109}.Release|Any CPU.Build.0 = Release|Any CPU
		{1B143B64-DA4A-421C-A567-AB17D4313050}.Debug|Any CPU.ActiveCfg = Debug|Any CPU
		{1B143B64-DA4A-421C-A567-AB17D4313050}.Debug|Any CPU.Build.0 = Debug|Any CPU
		{1B143B64-DA4A-421C-A567-AB17D4313050}.Release|Any CPU.ActiveCfg = Release|Any CPU
		{1B143B64-DA4A-421C-A567-AB17D4313050}.Release|Any CPU.Build.0 = Release|Any CPU
		{D43CEF9D-726B-42BF-88E5-C43FB906AFA2}.Debug|Any CPU.ActiveCfg = Debug|Any CPU
		{D43CEF9D-726B-42BF-88E5-C43FB906AFA2}.Debug|Any CPU.Build.0 = Debug|Any CPU
		{D43CEF9D-726B-42BF-88E5-C43FB906AFA2}.Release|Any CPU.ActiveCfg = Release|Any CPU
		{D43CEF9D-726B-42BF-88E5-C43FB906AFA2}.Release|Any CPU.Build.0 = Release|Any CPU
		{F942B482-BB03-4C18-AA7B-4486DA330786}.Debug|Any CPU.ActiveCfg = Debug|Any CPU
		{F942B482-BB03-4C18-AA7B-4486DA330786}.Debug|Any CPU.Build.0 = Debug|Any CPU
		{F942B482-BB03-4C18-AA7B-4486DA330786}.Release|Any CPU.ActiveCfg = Release|Any CPU
		{F942B482-BB03-4C18-AA7B-4486DA330786}.Release|Any CPU.Build.0 = Release|Any CPU
		{77155BBC-3589-402C-8986-ED078E296456}.Debug|Any CPU.ActiveCfg = Debug|Any CPU
		{77155BBC-3589-402C-8986-ED078E296456}.Debug|Any CPU.Build.0 = Debug|Any CPU
		{77155BBC-3589-402C-8986-ED078E296456}.Release|Any CPU.ActiveCfg = Release|Any CPU
		{77155BBC-3589-402C-8986-ED078E296456}.Release|Any CPU.Build.0 = Release|Any CPU
	EndGlobalSection
	GlobalSection(SolutionProperties) = preSolution
		HideSolutionNode = FALSE
	EndGlobalSection
	GlobalSection(NestedProjects) = preSolution
		{81A40286-7D09-4EE0-A3D5-AAA15667DD24} = {687D84B3-F8B7-49F5-A2CD-A74C037C62D4}
		{0FD36F4B-90DC-44FB-9469-841A4AE0D979} = {81A40286-7D09-4EE0-A3D5-AAA15667DD24}
		{9B5DCC0E-73A2-4131-B2E3-A90D3D4586A9} = {94CC5E7A-ED1F-4BD3-9D07-FE568AF9AEDC}
		{8A5904F7-2AB4-47F2-BF88-DEC94B970C35} = {9B5DCC0E-73A2-4131-B2E3-A90D3D4586A9}
		{9E0E70FF-E5F0-4D5C-8A7C-95BA178693A9} = {9B5DCC0E-73A2-4131-B2E3-A90D3D4586A9}
		{92846085-0A61-4963-939C-ECBF520289D5} = {9B5DCC0E-73A2-4131-B2E3-A90D3D4586A9}
		{4E833711-8FFD-4F3B-9D8F-63B76031C8C0} = {9B5DCC0E-73A2-4131-B2E3-A90D3D4586A9}
		{9D79E264-F112-4FA1-995D-57F644D785B8} = {9B5DCC0E-73A2-4131-B2E3-A90D3D4586A9}
		{FCE1A615-D36B-42F6-AECE-F29340C374C3} = {9B5DCC0E-73A2-4131-B2E3-A90D3D4586A9}
		{11216BFC-533E-4810-9408-79E9C6F3E2A2} = {9B5DCC0E-73A2-4131-B2E3-A90D3D4586A9}
		{CBF8A864-B4DC-45D0-9FC6-AF694AC9DC78} = {9B5DCC0E-73A2-4131-B2E3-A90D3D4586A9}
		{491A41DC-CEE5-4986-AEC4-D1C92C907109} = {9B5DCC0E-73A2-4131-B2E3-A90D3D4586A9}
		{1B143B64-DA4A-421C-A567-AB17D4313050} = {9B5DCC0E-73A2-4131-B2E3-A90D3D4586A9}
		{D43CEF9D-726B-42BF-88E5-C43FB906AFA2} = {9B5DCC0E-73A2-4131-B2E3-A90D3D4586A9}
		{F942B482-BB03-4C18-AA7B-4486DA330786} = {9B5DCC0E-73A2-4131-B2E3-A90D3D4586A9}
		{77155BBC-3589-402C-8986-ED078E296456} = {9B5DCC0E-73A2-4131-B2E3-A90D3D4586A9}
	EndGlobalSection
	GlobalSection(ExtensibilityGlobals) = postSolution
		SolutionGuid = {83258901-0DE4-4219-91AA-56A0D3438D3F}
	EndGlobalSection
EndGlobal
